
Microsoft Visual Studio Solution File, Format Version 12.00
# Visual Studio Version 16
VisualStudioVersion = 16.0.29519.181
MinimumVisualStudioVersion = 10.0.40219.1
Project("{FAE04EC0-301F-11D3-BF4B-00C04F79EFBC}") = "TiendaVideojuegos", "TiendaVideojuegos\TiendaVideojuegos.csproj", "{16A20FBD-547E-43F3-8E79-602E5DDA58EC}"
EndProject
Global
	GlobalSection(SolutionConfigurationPlatforms) = preSolution
		Debug|Any CPU = Debug|Any CPU
		Release|Any CPU = Release|Any CPU
	EndGlobalSection
	GlobalSection(ProjectConfigurationPlatforms) = postSolution
		{16A20FBD-547E-43F3-8E79-602E5DDA58EC}.Debug|Any CPU.ActiveCfg = Debug|Any CPU
		{16A20FBD-547E-43F3-8E79-602E5DDA58EC}.Debug|Any CPU.Build.0 = Debug|Any CPU
		{16A20FBD-547E-43F3-8E79-602E5DDA58EC}.Release|Any CPU.ActiveCfg = Release|Any CPU
		{16A20FBD-547E-43F3-8E79-602E5DDA58EC}.Release|Any CPU.Build.0 = Release|Any CPU
	EndGlobalSection
	GlobalSection(SolutionProperties) = preSolution
		HideSolutionNode = FALSE
	EndGlobalSection
	GlobalSection(ExtensibilityGlobals) = postSolution
		SolutionGuid = {460CBBA7-9836-477F-BE15-E36C2A4E7DA5}
	EndGlobalSection
EndGlobal
